{
  "version": 4,
  "terraform_version": "1.8.5",
  "serial": 69,
  "lineage": "18257afc-8f06-6805-7f8a-7c2c05db6dee",
  "outputs": {
    "chosen_network": {
      "value": [
        {
          "cidr": "193.176.242.0/23",
          "description": "",
          "dhcp_range": {
            "end": "193.176.243.252",
            "start": "193.176.242.10"
          },
          "dns_servers": [
            "1.1.1.1",
            "8.8.8.8"
          ],
          "enable_dhcp": true,
          "enable_gateway": true,
          "gateway_ip": "193.176.242.1",
          "mtu": 1500,
          "name": "public201",
          "network_id": "890becd6-ed80-4a94-86ea-e81afe42116e",
          "servers": null,
          "shared": true,
          "subnet_id": "c2392696-be95-4552-8830-b8bd1445ecf0"
        }
      ],
      "type": [
        "tuple",
        [
          [
            "object",
            {
              "cidr": "string",
              "description": "string",
              "dhcp_range": [
                "object",
                {
                  "end": "string",
                  "start": "string"
                }
              ],
              "dns_servers": [
                "set",
                "string"
              ],
              "enable_dhcp": "bool",
              "enable_gateway": "bool",
              "gateway_ip": "string",
              "mtu": "number",
              "name": "string",
              "network_id": "string",
              "servers": [
                "set",
                [
                  "object",
                  {
                    "id": "string",
                    "ip": "string",
                    "name": "string",
                    "port_id": "string"
                  }
                ]
              ],
              "shared": "bool",
              "subnet_id": "string"
            }
          ]
        ]
      ]
    },
    "id": {
      "value": [
        {
          "id": "eco-1-1-0",
          "name": "eco-small1",
          "price_per_hour": 4410,
          "ram": 1
        },
        {
          "id": "eco-2-1-0",
          "name": "eco-small2",
          "price_per_hour": 5035,
          "ram": 2
        },
        {
          "id": "eco-3-1-0",
          "name": "eco-small3",
          "price_per_hour": 5972,
          "ram": 3
        },
        {
          "id": "eco-2-2-0",
          "name": "eco-small4",
          "price_per_hour": 6389,
          "ram": 2
        }
      ],
      "type": [
        "tuple",
        [
          [
            "object",
            {
              "id": "string",
              "name": "string",
              "price_per_hour": "number",
              "ram": "number"
            }
          ],
          [
            "object",
            {
              "id": "string",
              "name": "string",
              "price_per_hour": "number",
              "ram": "number"
            }
          ],
          [
            "object",
            {
              "id": "string",
              "name": "string",
              "price_per_hour": "number",
              "ram": "number"
            }
          ],
          [
            "object",
            {
              "id": "string",
              "name": "string",
              "price_per_hour": "number",
              "ram": "number"
            }
          ]
        ]
      ]
    },
    "instances": {
      "value": [
        {
          "disk_size": 25,
          "flavor_id": "eco-1-1-0",
          "floating_ip": null,
          "id": "f5824b1c-b256-401f-81f6-a1b36f7050d8",
          "image_id": "7f5add4f-fe20-4f41-a41c-addc42c42326",
          "init_script": null,
          "name": "built_by_terraform",
          "networks": [
            {
              "ip": "10.255.255.117",
              "is_public": false,
              "network_id": "dcbbf49b-daa5-4d3f-8c40-db714ccc4ba1",
              "port_id": "5d110af6-f55a-4987-a59b-7df48cc1c9d9",
              "port_security_enabled": true,
              "subnet_id": "ffe940b5-b3ab-4aec-948a-10a22ed37b50"
            },
            {
              "ip": "193.176.242.76",
              "is_public": true,
              "network_id": "890becd6-ed80-4a94-86ea-e81afe42116e",
              "port_id": "5b6037ef-c0ea-4c7c-9a93-6a3cb83ce73a",
              "port_security_enabled": true,
              "subnet_id": "c2392696-be95-4552-8830-b8bd1445ecf0"
            }
          ],
          "password": "",
          "region": "ir-thr-fr1",
          "revert_to": null,
          "security_groups": [
            "7c187eb1-72f9-4e03-9985-8db4db705c0c"
          ],
          "server_group_id": null,
          "ssh_key_name": "laptop",
          "status": "ACTIVE",
          "timeouts": {
            "create": "1h30m",
            "delete": "20m",
            "read": "10m",
            "update": "2h"
          },
          "volumes": [
            "a552f99f-8747-4af4-9a6e-63c34cba115d"
          ]
        }
      ],
      "type": [
        "tuple",
        [
          [
            "object",
            {
              "disk_size": "number",
              "flavor_id": "string",
              "floating_ip": [
                "object",
                {
                  "floating_ip_id": "string",
                  "network_id": "string"
                }
              ],
              "id": "string",
              "image_id": "string",
              "init_script": "string",
              "name": "string",
              "networks": [
                "set",
                [
                  "object",
                  {
                    "ip": "string",
                    "is_public": "bool",
                    "network_id": "string",
                    "port_id": "string",
                    "port_security_enabled": "bool",
                    "subnet_id": "string"
                  }
                ]
              ],
              "password": "string",
              "region": "string",
              "revert_to": [
                "object",
                {
                  "snapshot_id": "string"
                }
              ],
              "security_groups": [
                "set",
                "string"
              ],
              "server_group_id": "string",
              "ssh_key_name": "string",
              "status": "string",
              "timeouts": [
                "object",
                {
                  "create": "string",
                  "delete": "string",
                  "read": "string",
                  "update": "string"
                }
              ],
              "volumes": [
                "set",
                "string"
              ]
            }
          ]
        ]
      ]
    },
    "keys": {
      "value": {
        "keys": [
          {
            "name": "home pc",
            "public_key": "ssh-rsa AAAAB3NzaC1yc2EAAAADAQABAAACAQDGOiRK1/UjniPV6cf/kIsLjQeyZmaEg1Icl6IBPCD9UTI9g2ZMdQdFHQZduQnu9ovmejDxlJczCK4xkZ2iX15tl3DhuJ9l+MRcnuf0o7QYMkT/3uUMm+Xa78xZ+69rsrHT4+nqXd4q3ZuILwTo5GX2q+mvCT/E+kq0O0VuQ3q+lXx1HCBiOLnAocYyEAKe+Nx/WpRsggfRPISaMuBxAtmXtNHstaM0aSdrNL+TB+PELlLyGG4w7DjO4VcpfYOyvVu8oziAOnlymR32FWQlpCXpizIhvk8+ZpD2jqG4alaYIytEMxREOSKaji7uW17a2ghsI6HiPaD5y57e3D1YxupWMGuPg1gSRp5M6wq6BTc98SmJvEFcrWBrU7Xr+qr8FBj0Om9cVjDFvD3op5W3cop8ad8s17dbPP8ipnsAgGZdEj96bFkyh69rtSrZu4D+Ixyv+lCaGZzguTe1K8ur9Ogx/KsklAxDGiJCumz1CFUieve4KbvWXMQhYf6TyPcFINJoG43uANHbaaac7ocbB3Wx3R807lfgNBCmjiil6HEuotMV2nrRTVyj2TwN10OuRZ6i3Ic6UloD0n3eg2YZRPD6xiNxZF9/PaOWVeMbBzCZDgFgqWX37PjM7h2M11QoPx41wdb6KybF1AOGc+DhAQ9g7hwGKMYWn7Ec6IgZCdzsMw== Behnam Ubuntu PC"
          },
          {
            "name": "laptop",
            "public_key": "ssh-rsa AAAAB3NzaC1yc2EAAAADAQABAAABgQDf5dveMJvYF1t1TrRY67rts9naJrUpirby7wEZCfw3l8npjDr10E479f7uviTjcuV/AJKke3dxUSnkEE9OYvFTxq7vZ27at/df83lVdmMaWlQ9zZGXwTGvel5aTIpbC1LJn8NjQJrI5qjZtKq2uP4Y25dcwkhF4dtCI3MwH7G0uQg1yK37+KcGDVQ/ByxnzWvF3oiYM37LL3lCFpFaNSCHpUv2Hmxlm+7RvLj4LweHFw1uAKfM0OBFL466RC584b9ppxfnzxnxc9D506jzT6+thioKueCPyEbAkDmVJl0BFm3vTLaUJFIqFeLNRmNbh/EYJwU5T9PjDeOyqsqsHnTAHKHaV3d6croUaNJeXZlZ8bUXvyMMYsrm/8SGoMt2jB4EyaaGT0+q0Y0QNJN2XBt8+12WKbF8Mf1o+a5g544GQNIWRty74Ly3nqfFs5BftxR9D2DNBaDpsoOYR8Jl6b3Ee5wTWI/HcfMQhIn7pKmNGfxjyZq2QuTzJbDcVKmwEqU= behnam@laptop"
          }
        ],
        "region": "ir-thr-fr1"
      },
      "type": [
        "object",
        {
          "keys": [
            "list",
            [
              "object",
              {
                "name": "string",
                "public_key": "string"
              }
            ]
          ],
          "region": "string"
        }
      ]
    }
  },
  "resources": [
    {
      "mode": "data",
      "type": "arvan_abraks",
      "name": "instance_list",
      "provider": "provider[\"terraform.arvancloud.ir/arvancloud/iaas\"]",
      "instances": [
        {
          "schema_version": 0,
          "attributes": {
            "instances": null,
            "region": "ir-thr-fr1"
          },
          "sensitive_attributes": []
        }
      ]
    },
    {
      "mode": "data",
      "type": "arvan_images",
      "name": "terraform_image",
      "provider": "provider[\"terraform.arvancloud.ir/arvancloud/iaas\"]",
      "instances": [
        {
          "schema_version": 0,
          "attributes": {
            "distributions": [
              {
                "disk": 0,
                "distro_name": "OpenSUSE",
                "id": "87183e0f-80c1-4fd9-a7bb-7326a053d85b",
                "name": "OpenSUSE",
                "password": true,
                "ram": 0,
                "ssh_key": true
              },
              {
                "disk": 0,
                "distro_name": "pfSense-CE",
                "id": "f14cb8c3-d232-4ee3-bbc8-db5d741a31bc",
                "name": "pfSense-CE",
                "password": true,
                "ram": 0,
                "ssh_key": false
              },
              {
                "disk": 0,
                "distro_name": "Finnix",
                "id": "fad3ef8a-b64b-4811-8446-dd814de02548",
                "name": "Finnix",
                "password": false,
                "ram": 0,
                "ssh_key": false
              },
              {
                "disk": 0,
                "distro_name": "OpenSUSE",
                "id": "87183e0f-80c1-4fd9-a7bb-7326a053d85b",
                "name": "OpenSUSE",
                "password": true,
                "ram": 0,
                "ssh_key": true
              },
              {
                "disk": 0,
                "distro_name": "pfSense-CE",
                "id": "f14cb8c3-d232-4ee3-bbc8-db5d741a31bc",
                "name": "pfSense-CE",
                "password": true,
                "ram": 0,
                "ssh_key": false
              },
              {
                "disk": 0,
                "distro_name": "Finnix",
                "id": "fad3ef8a-b64b-4811-8446-dd814de02548",
                "name": "Finnix",
                "password": false,
                "ram": 0,
                "ssh_key": false
              },
              {
                "disk": 0,
                "distro_name": "ubuntu",
                "id": "4786531e-c5f8-4c76-8bb3-e48e3cb67078",
                "name": "24.04",
                "password": true,
                "ram": 0,
                "ssh_key": true
              },
              {
                "disk": 0,
                "distro_name": "ubuntu",
                "id": "7f5add4f-fe20-4f41-a41c-addc42c42326",
                "name": "22.04",
                "password": true,
                "ram": 0,
                "ssh_key": true
              },
              {
                "disk": 0,
                "distro_name": "ubuntu",
                "id": "5e90b055-5fd8-424e-8ac0-c1805459935a",
                "name": "20.04",
                "password": true,
                "ram": 0,
                "ssh_key": true
              },
              {
                "disk": 0,
                "distro_name": "windows",
                "id": "b99ec89d-ee3b-45f4-96c3-68156b313be6",
                "name": "2016",
                "password": false,
                "ram": 2048,
                "ssh_key": false
              },
              {
                "disk": 0,
                "distro_name": "windows",
                "id": "ffb51235-dd1b-471c-8328-9bb03a899fd2",
                "name": "2019",
                "password": false,
                "ram": 2048,
                "ssh_key": false
              },
              {
                "disk": 0,
                "distro_name": "windows",
                "id": "8978b67b-6acc-4f38-b714-7bba325c8095",
                "name": "2022",
                "password": false,
                "ram": 2048,
                "ssh_key": false
              },
              {
                "disk": 0,
                "distro_name": "fedora",
                "id": "d2fde45a-f193-4978-997c-97387f76c5bb",
                "name": "37",
                "password": true,
                "ram": 0,
                "ssh_key": true
              },
              {
                "disk": 0,
                "distro_name": "fedora",
                "id": "73d36cc8-3c49-4676-a093-c3c2321309f5",
                "name": "38",
                "password": true,
                "ram": 0,
                "ssh_key": true
              },
              {
                "disk": 0,
                "distro_name": "mikrotik",
                "id": "9d97ab05-4c8f-46f5-9e15-00cb05f98f8e",
                "name": "7.8",
                "password": true,
                "ram": 0,
                "ssh_key": false
              },
              {
                "disk": 0,
                "distro_name": "Rocky",
                "id": "1f2c99a2-d08c-4cf8-a83f-a1d349b23ed4",
                "name": "8.5",
                "password": true,
                "ram": 0,
                "ssh_key": true
              },
              {
                "disk": 0,
                "distro_name": "Rocky",
                "id": "15c71c87-4a4e-43bb-9d55-550c70614c00",
                "name": "9",
                "password": true,
                "ram": 0,
                "ssh_key": true
              },
              {
                "disk": 0,
                "distro_name": "centos",
                "id": "f5c18587-a176-422f-a5e7-0bfda22349d7",
                "name": "7",
                "password": true,
                "ram": 0,
                "ssh_key": true
              },
              {
                "disk": 0,
                "distro_name": "Debian",
                "id": "0f4c7272-13b8-4959-a820-8edbe2c68c21",
                "name": "10",
                "password": true,
                "ram": 0,
                "ssh_key": true
              },
              {
                "disk": 0,
                "distro_name": "Debian",
                "id": "6a7d8b57-e56f-4a74-af75-7408977e8c2c",
                "name": "11",
                "password": true,
                "ram": 0,
                "ssh_key": true
              },
              {
                "disk": 0,
                "distro_name": "Debian",
                "id": "61c98e08-f143-40c2-92a4-2b07daceb88e",
                "name": "12",
                "password": true,
                "ram": 0,
                "ssh_key": true
              }
            ],
            "image_type": "distributions",
            "region": "ir-thr-fr1"
          },
          "sensitive_attributes": []
        }
      ]
    },
    {
      "mode": "data",
      "type": "arvan_networks",
      "name": "terraform_network",
      "provider": "provider[\"terraform.arvancloud.ir/arvancloud/iaas\"]",
      "instances": [
        {
          "schema_version": 0,
          "attributes": {
            "filters": null,
            "networks": [
              {
                "cidr": "185.226.116.0/22",
                "description": "",
                "dhcp_range": {
                  "end": "185.226.119.250",
                  "start": "185.226.116.10"
                },
                "dns_servers": [
                  "1.1.1.1",
                  "8.8.8.8"
                ],
                "enable_dhcp": true,
                "enable_gateway": true,
                "gateway_ip": "185.226.116.1",
                "mtu": 1500,
                "name": "public210",
                "network_id": "9e250968-0a4e-4ae9-80d1-39475bb74229",
                "servers": null,
                "shared": true,
                "subnet_id": "d14a26a7-b593-448a-9678-295e9c0433f7"
              },
              {
                "cidr": "185.231.180.0/22",
                "description": "",
                "dhcp_range": {
                  "end": "185.231.183.250",
                  "start": "185.231.180.10"
                },
                "dns_servers": [
                  "1.1.1.1",
                  "8.8.8.8"
                ],
                "enable_dhcp": true,
                "enable_gateway": true,
                "gateway_ip": "185.231.180.1",
                "mtu": 1500,
                "name": "public208",
                "network_id": "ab26039d-a06a-47f9-a784-fb7f10acb873",
                "servers": null,
                "shared": true,
                "subnet_id": "db3baf08-ea14-4397-b0db-d4dd6f5b06ff"
              },
              {
                "cidr": "185.239.104.0/24",
                "description": "",
                "dhcp_range": {
                  "end": "185.239.104.253",
                  "start": "185.239.104.5"
                },
                "dns_servers": [
                  "1.1.1.1",
                  "8.8.8.8"
                ],
                "enable_dhcp": true,
                "enable_gateway": true,
                "gateway_ip": "185.239.104.1",
                "mtu": 1500,
                "name": "public207",
                "network_id": "d3984c0a-6453-46ee-b3fc-3fb9d1ad66b4",
                "servers": null,
                "shared": true,
                "subnet_id": "3aabd738-260c-47be-ba07-92b5569edae1"
              },
              {
                "cidr": "188.121.120.0/22",
                "description": "",
                "dhcp_range": {
                  "end": "188.121.123.250",
                  "start": "188.121.120.10"
                },
                "dns_servers": [
                  "1.1.1.1",
                  "8.8.8.8"
                ],
                "enable_dhcp": true,
                "enable_gateway": true,
                "gateway_ip": "188.121.120.1",
                "mtu": 1500,
                "name": "public211",
                "network_id": "ffc8dbf2-bdc1-4d9a-b64c-d0951d70d6a6",
                "servers": null,
                "shared": true,
                "subnet_id": "690451a9-605c-452f-9d19-bc08a287a6da"
              },
              {
                "cidr": "188.121.124.0/23",
                "description": "",
                "dhcp_range": {
                  "end": "188.121.125.250",
                  "start": "188.121.124.10"
                },
                "dns_servers": [
                  "1.1.1.1",
                  "8.8.8.8"
                ],
                "enable_dhcp": true,
                "enable_gateway": true,
                "gateway_ip": "188.121.124.1",
                "mtu": 1500,
                "name": "public209",
                "network_id": "e914f163-50a3-44cf-b793-374faba0ede8",
                "servers": null,
                "shared": true,
                "subnet_id": "a4942abf-7b42-4175-a66e-47f5bd12be21"
              },
              {
                "cidr": "188.213.196.0/22",
                "description": "",
                "dhcp_range": {
                  "end": "188.213.199.250",
                  "start": "188.213.196.10"
                },
                "dns_servers": [
                  "1.1.1.1",
                  "8.8.8.8"
                ],
                "enable_dhcp": true,
                "enable_gateway": true,
                "gateway_ip": "188.213.196.1",
                "mtu": 1500,
                "name": "public214",
                "network_id": "800b63cc-ee75-4ece-b8b8-5b1d4c2fe75e",
                "servers": null,
                "shared": true,
                "subnet_id": "3601571a-80c8-4a76-ab44-ec98cebb03bf"
              },
              {
                "cidr": "193.176.242.0/23",
                "description": "",
                "dhcp_range": {
                  "end": "193.176.243.252",
                  "start": "193.176.242.10"
                },
                "dns_servers": [
                  "1.1.1.1",
                  "8.8.8.8"
                ],
                "enable_dhcp": true,
                "enable_gateway": true,
                "gateway_ip": "193.176.242.1",
                "mtu": 1500,
                "name": "public201",
                "network_id": "890becd6-ed80-4a94-86ea-e81afe42116e",
                "servers": null,
                "shared": true,
                "subnet_id": "c2392696-be95-4552-8830-b8bd1445ecf0"
              },
              {
                "cidr": "2a07:3907:0:2::/64",
                "description": "",
                "dhcp_range": {
                  "end": "2a07:3907:0:2:ffff:ffff:ffff:fffa",
                  "start": "2a07:3907:0:2::a"
                },
                "dns_servers": [
                  "2001:4860:4860::8888",
                  "2606:4700::1111"
                ],
                "enable_dhcp": false,
                "enable_gateway": true,
                "gateway_ip": "2a07:3907:0:2::1",
                "mtu": 1500,
                "name": "public291",
                "network_id": "ea70c19d-0b88-4a78-8e77-b6302a0dedaa",
                "servers": null,
                "shared": true,
                "subnet_id": "c85bd5d3-89b2-475f-8db2-78921c8a4254"
              },
              {
                "cidr": "37.152.185.0/24",
                "description": "",
                "dhcp_range": {
                  "end": "37.152.185.254",
                  "start": "37.152.185.2"
                },
                "dns_servers": [
                  "1.1.1.1",
                  "8.8.8.8"
                ],
                "enable_dhcp": true,
                "enable_gateway": true,
                "gateway_ip": "37.152.185.1",
                "mtu": 1500,
                "name": "public204",
                "network_id": "60368de1-d879-468c-963c-8f3ce9fc0482",
                "servers": null,
                "shared": true,
                "subnet_id": "d844a602-6635-46a3-8da3-5803edce704d"
              },
              {
                "cidr": "37.152.186.0/23",
                "description": "",
                "dhcp_range": {
                  "end": "37.152.187.254",
                  "start": "37.152.186.4"
                },
                "dns_servers": [
                  "1.1.1.1",
                  "8.8.8.8"
                ],
                "enable_dhcp": true,
                "enable_gateway": true,
                "gateway_ip": "37.152.186.1",
                "mtu": 1500,
                "name": "public205",
                "network_id": "341d4cff-2fa6-4765-80e7-fe204a4a1500",
                "servers": null,
                "shared": true,
                "subnet_id": "e0c05bdd-5d21-4480-9c4e-31857bb22a0d"
              },
              {
                "cidr": "37.152.188.0/22",
                "description": "",
                "dhcp_range": {
                  "end": "37.152.191.252",
                  "start": "37.152.188.5"
                },
                "dns_servers": [
                  "1.1.1.1",
                  "8.8.8.8"
                ],
                "enable_dhcp": true,
                "enable_gateway": true,
                "gateway_ip": "37.152.188.1",
                "mtu": 1500,
                "name": "شبکه پیش فرض",
                "network_id": "4cdd327e-0802-4d4d-9742-7eb102fb7b6d",
                "servers": null,
                "shared": true,
                "subnet_id": "d7a06dad-ff24-456c-a265-b174460091fe"
              },
              {
                "cidr": "37.32.28.0/22",
                "description": "",
                "dhcp_range": {
                  "end": "37.32.31.250",
                  "start": "37.32.28.10"
                },
                "dns_servers": [
                  "1.1.1.1",
                  "8.8.8.8"
                ],
                "enable_dhcp": true,
                "enable_gateway": true,
                "gateway_ip": "37.32.28.1",
                "mtu": 1500,
                "name": "public212",
                "network_id": "611876b9-1349-40b6-9a3c-19910181c221",
                "servers": null,
                "shared": true,
                "subnet_id": "8318fc9d-1928-4a47-9675-7391c6cbe3d2"
              },
              {
                "cidr": "45.82.138.0/23",
                "description": "",
                "dhcp_range": {
                  "end": "45.82.139.252",
                  "start": "45.82.138.9"
                },
                "dns_servers": [
                  "1.1.1.1",
                  "8.8.8.8"
                ],
                "enable_dhcp": true,
                "enable_gateway": true,
                "gateway_ip": "45.82.138.1",
                "mtu": 1500,
                "name": "public203",
                "network_id": "f79f2be5-dcdf-49e7-ae18-589cacac651e",
                "servers": null,
                "shared": true,
                "subnet_id": "32e8c8c1-6e40-4200-840f-17734ec39142"
              },
              {
                "cidr": "5.253.26.0/23",
                "description": "",
                "dhcp_range": {
                  "end": "5.253.27.252",
                  "start": "5.253.26.6"
                },
                "dns_servers": [
                  "1.1.1.1",
                  "8.8.8.8"
                ],
                "enable_dhcp": true,
                "enable_gateway": true,
                "gateway_ip": "5.253.26.1",
                "mtu": 1500,
                "name": "public202",
                "network_id": "c5a9b959-6173-427f-9918-85a0888b2942",
                "servers": null,
                "shared": true,
                "subnet_id": "7cd1c4ee-584e-4881-adab-1ce5e175dee8"
              },
              {
                "cidr": "5.34.192.0/22",
                "description": "",
                "dhcp_range": {
                  "end": "5.34.195.250",
                  "start": "5.34.192.10"
                },
                "dns_servers": [
                  "1.1.1.1",
                  "8.8.8.8"
                ],
                "enable_dhcp": true,
                "enable_gateway": true,
                "gateway_ip": "5.34.192.1",
                "mtu": 1500,
                "name": "public213",
                "network_id": "1481ba7a-fb42-4b57-a404-68d5550ada61",
                "servers": null,
                "shared": true,
                "subnet_id": "81ffaa1c-0083-41cb-a7c4-704f471be611"
              }
            ],
            "region": "ir-thr-fr1"
          },
          "sensitive_attributes": []
        }
      ]
    },
    {
      "mode": "data",
      "type": "arvan_plans",
      "name": "plan_list",
      "provider": "provider[\"terraform.arvancloud.ir/arvancloud/iaas\"]",
      "instances": [
        {
          "schema_version": 0,
          "attributes": {
            "plans": [
              {
                "bandwidth_in_bytes": 0,
                "base_package": "",
                "cpu_count": 1,
                "cpu_share": "1/4",
                "disk": 25,
                "disk_in_bytes": 26843545600,
                "generation": "ECO",
                "id": "eco-1-1-0",
                "iops_max_hdd": 1500,
                "iops_max_ssd": 16000,
                "memory": 1,
                "memory_in_bytes": 1073741824,
                "name": "eco-small1",
                "off": "",
                "off_percent": "",
                "outbound": 0,
                "pps": null,
                "price_per_hour": 4410,
                "price_per_month": 3175000,
                "subtype": "small",
                "throughput": 0,
                "type": "economic"
              },
              {
                "bandwidth_in_bytes": 0,
                "base_package": "",
                "cpu_count": 4,
                "cpu_share": "1/3",
                "disk": 128,
                "disk_in_bytes": 137438953472,
                "generation": "LS1",
                "id": "ls1-12-4-128",
                "iops_max_hdd": 1500,
                "iops_max_ssd": 20000,
                "memory": 12,
                "memory_in_bytes": 12884901888,
                "name": "ls1-medium1",
                "off": "",
                "off_percent": "",
                "outbound": 0,
                "pps": null,
                "price_per_hour": 31458,
                "price_per_month": 22650000,
                "subtype": "medium",
                "throughput": 0,
                "type": "storage"
              },
              {
                "bandwidth_in_bytes": 0,
                "base_package": "",
                "cpu_count": 1,
                "cpu_share": "1/4",
                "disk": 25,
                "disk_in_bytes": 26843545600,
                "generation": "ECO",
                "id": "eco-2-1-0",
                "iops_max_hdd": 1500,
                "iops_max_ssd": 16000,
                "memory": 2,
                "memory_in_bytes": 2147483648,
                "name": "eco-small2",
                "off": "",
                "off_percent": "",
                "outbound": 0,
                "pps": null,
                "price_per_hour": 5035,
                "price_per_month": 3625000,
                "subtype": "small",
                "throughput": 0,
                "type": "economic"
              },
              {
                "bandwidth_in_bytes": 0,
                "base_package": "",
                "cpu_count": 4,
                "cpu_share": "1/3",
                "disk": 256,
                "disk_in_bytes": 274877906944,
                "generation": "LS1",
                "id": "ls1-12-4-256",
                "iops_max_hdd": 1500,
                "iops_max_ssd": 20000,
                "memory": 12,
                "memory_in_bytes": 12884901888,
                "name": "ls1-medium2",
                "off": "",
                "off_percent": "",
                "outbound": 0,
                "pps": null,
                "price_per_hour": 45681,
                "price_per_month": 32890000,
                "subtype": "medium",
                "throughput": 0,
                "type": "storage"
              },
              {
                "bandwidth_in_bytes": 0,
                "base_package": "",
                "cpu_count": 1,
                "cpu_share": "1/4",
                "disk": 30,
                "disk_in_bytes": 32212254720,
                "generation": "ECO",
                "id": "eco-3-1-0",
                "iops_max_hdd": 1500,
                "iops_max_ssd": 16000,
                "memory": 3,
                "memory_in_bytes": 3221225472,
                "name": "eco-small3",
                "off": "",
                "off_percent": "",
                "outbound": 0,
                "pps": null,
                "price_per_hour": 5972,
                "price_per_month": 4300000,
                "subtype": "small",
                "throughput": 0,
                "type": "economic"
              },
              {
                "bandwidth_in_bytes": 0,
                "base_package": "",
                "cpu_count": 6,
                "cpu_share": "1/3",
                "disk": 128,
                "disk_in_bytes": 137438953472,
                "generation": "LS1",
                "id": "ls1-16-6-128",
                "iops_max_hdd": 1500,
                "iops_max_ssd": 20000,
                "memory": 16,
                "memory_in_bytes": 17179869184,
                "name": "ls1-medium3",
                "off": "",
                "off_percent": "",
                "outbound": 0,
                "pps": null,
                "price_per_hour": 37736,
                "price_per_month": 27170000,
                "subtype": "medium",
                "throughput": 0,
                "type": "storage"
              },
              {
                "bandwidth_in_bytes": 0,
                "base_package": "",
                "cpu_count": 2,
                "cpu_share": "1/4",
                "disk": 30,
                "disk_in_bytes": 32212254720,
                "generation": "ECO",
                "id": "eco-2-2-0",
                "iops_max_hdd": 1500,
                "iops_max_ssd": 16000,
                "memory": 2,
                "memory_in_bytes": 2147483648,
                "name": "eco-small4",
                "off": "",
                "off_percent": "",
                "outbound": 0,
                "pps": null,
                "price_per_hour": 6389,
                "price_per_month": 4600000,
                "subtype": "small",
                "throughput": 0,
                "type": "economic"
              },
              {
                "bandwidth_in_bytes": 0,
                "base_package": "",
                "cpu_count": 6,
                "cpu_share": "1/3",
                "disk": 256,
                "disk_in_bytes": 274877906944,
                "generation": "LS1",
                "id": "ls1-16-6-256",
                "iops_max_hdd": 1500,
                "iops_max_ssd": 20000,
                "memory": 16,
                "memory_in_bytes": 17179869184,
                "name": "ls1-medium4",
                "off": "",
                "off_percent": "",
                "outbound": 0,
                "pps": null,
                "price_per_hour": 51958,
                "price_per_month": 37410000,
                "subtype": "medium",
                "throughput": 0,
                "type": "storage"
              },
              {
                "bandwidth_in_bytes": 0,
                "base_package": "",
                "cpu_count": 6,
                "cpu_share": "1/3",
                "disk": 128,
                "disk_in_bytes": 137438953472,
                "generation": "LS1",
                "id": "ls1-24-6-128",
                "iops_max_hdd": 1500,
                "iops_max_ssd": 20000,
                "memory": 24,
                "memory_in_bytes": 25769803776,
                "name": "ls1-medium5",
                "off": "",
                "off_percent": "",
                "outbound": 0,
                "pps": null,
                "price_per_hour": 44736,
                "price_per_month": 32210000,
                "subtype": "medium",
                "throughput": 0,
                "type": "storage"
              },
              {
                "bandwidth_in_bytes": 0,
                "base_package": "",
                "cpu_count": 4,
                "cpu_share": "1/3",
                "disk": 75,
                "disk_in_bytes": 80530636800,
                "generation": "G1",
                "id": "g1-12-4-0",
                "iops_max_hdd": 1500,
                "iops_max_ssd": 16000,
                "memory": 12,
                "memory_in_bytes": 12884901888,
                "name": "g1-medium2",
                "off": "",
                "off_percent": "",
                "outbound": 0,
                "pps": null,
                "price_per_hour": 23486,
                "price_per_month": 16910000,
                "subtype": "medium",
                "throughput": 0,
                "type": "general"
              },
              {
                "bandwidth_in_bytes": 0,
                "base_package": "",
                "cpu_count": 6,
                "cpu_share": "1/3",
                "disk": 256,
                "disk_in_bytes": 274877906944,
                "generation": "LS1",
                "id": "ls1-24-6-256",
                "iops_max_hdd": 1500,
                "iops_max_ssd": 20000,
                "memory": 24,
                "memory_in_bytes": 25769803776,
                "name": "ls1-medium6",
                "off": "",
                "off_percent": "",
                "outbound": 0,
                "pps": null,
                "price_per_hour": 58958,
                "price_per_month": 42450000,
                "subtype": "medium",
                "throughput": 0,
                "type": "storage"
              },
              {
                "bandwidth_in_bytes": 0,
                "base_package": "",
                "cpu_count": 8,
                "cpu_share": "1/2",
                "disk": 128,
                "disk_in_bytes": 137438953472,
                "generation": "LS1",
                "id": "ls1-32-8-128",
                "iops_max_hdd": 1500,
                "iops_max_ssd": 20000,
                "memory": 32,
                "memory_in_bytes": 34359738368,
                "name": "ls1-large1",
                "off": "",
                "off_percent": "",
                "outbound": 0,
                "pps": null,
                "price_per_hour": 54514,
                "price_per_month": 39250000,
                "subtype": "large",
                "throughput": 0,
                "type": "storage"
              },
              {
                "bandwidth_in_bytes": 0,
                "base_package": "",
                "cpu_count": 8,
                "cpu_share": "1/2",
                "disk": 256,
                "disk_in_bytes": 274877906944,
                "generation": "LS1",
                "id": "ls1-32-8-256",
                "iops_max_hdd": 1500,
                "iops_max_ssd": 20000,
                "memory": 32,
                "memory_in_bytes": 34359738368,
                "name": "ls1-large2",
                "off": "",
                "off_percent": "",
                "outbound": 0,
                "pps": null,
                "price_per_hour": 68736,
                "price_per_month": 49490000,
                "subtype": "large",
                "throughput": 0,
                "type": "storage"
              },
              {
                "bandwidth_in_bytes": 0,
                "base_package": "",
                "cpu_count": 8,
                "cpu_share": "1/2",
                "disk": 512,
                "disk_in_bytes": 549755813888,
                "generation": "LS1",
                "id": "ls1-32-8-512",
                "iops_max_hdd": 1500,
                "iops_max_ssd": 20000,
                "memory": 32,
                "memory_in_bytes": 34359738368,
                "name": "ls1-large3",
                "off": "",
                "off_percent": "",
                "outbound": 0,
                "pps": null,
                "price_per_hour": 97181,
                "price_per_month": 69970000,
                "subtype": "large",
                "throughput": 0,
                "type": "storage"
              },
              {
                "bandwidth_in_bytes": 0,
                "base_package": "",
                "cpu_count": 6,
                "cpu_share": "1/3",
                "disk": 75,
                "disk_in_bytes": 80530636800,
                "generation": "G1",
                "id": "g1-24-6-0",
                "iops_max_hdd": 1500,
                "iops_max_ssd": 16000,
                "memory": 24,
                "memory_in_bytes": 25769803776,
                "name": "g1-medium5",
                "off": "",
                "off_percent": "",
                "outbound": 0,
                "pps": null,
                "price_per_hour": 36764,
                "price_per_month": 26470000,
                "subtype": "medium",
                "throughput": 0,
                "type": "general"
              },
              {
                "bandwidth_in_bytes": 0,
                "base_package": "",
                "cpu_count": 12,
                "cpu_share": "1/2",
                "disk": 128,
                "disk_in_bytes": 137438953472,
                "generation": "LS1",
                "id": "ls1-48-12-128",
                "iops_max_hdd": 1500,
                "iops_max_ssd": 20000,
                "memory": 48,
                "memory_in_bytes": 51539607552,
                "name": "ls1-large4",
                "off": "",
                "off_percent": "",
                "outbound": 0,
                "pps": null,
                "price_per_hour": 74069,
                "price_per_month": 53330000,
                "subtype": "large",
                "throughput": 0,
                "type": "storage"
              },
              {
                "bandwidth_in_bytes": 0,
                "base_package": "",
                "cpu_count": 8,
                "cpu_share": "1/2",
                "disk": 150,
                "disk_in_bytes": 161061273600,
                "generation": "G1",
                "id": "g1-32-8-0",
                "iops_max_hdd": 1500,
                "iops_max_ssd": 16000,
                "memory": 32,
                "memory_in_bytes": 34359738368,
                "name": "g1-large1",
                "off": "",
                "off_percent": "",
                "outbound": 0,
                "pps": null,
                "price_per_hour": 52792,
                "price_per_month": 38010000,
                "subtype": "large",
                "throughput": 0,
                "type": "general"
              },
              {
                "bandwidth_in_bytes": 0,
                "base_package": "",
                "cpu_count": 12,
                "cpu_share": "1/2",
                "disk": 256,
                "disk_in_bytes": 274877906944,
                "generation": "LS1",
                "id": "ls1-48-12-256",
                "iops_max_hdd": 1500,
                "iops_max_ssd": 20000,
                "memory": 48,
                "memory_in_bytes": 51539607552,
                "name": "ls1-large5",
                "off": "",
                "off_percent": "",
                "outbound": 0,
                "pps": null,
                "price_per_hour": 88292,
                "price_per_month": 63570000,
                "subtype": "large",
                "throughput": 0,
                "type": "storage"
              },
              {
                "bandwidth_in_bytes": 0,
                "base_package": "",
                "cpu_count": 12,
                "cpu_share": "1/2",
                "disk": 512,
                "disk_in_bytes": 549755813888,
                "generation": "LS1",
                "id": "ls1-48-12-512",
                "iops_max_hdd": 1500,
                "iops_max_ssd": 20000,
                "memory": 48,
                "memory_in_bytes": 51539607552,
                "name": "ls1-large6",
                "off": "",
                "off_percent": "",
                "outbound": 0,
                "pps": null,
                "price_per_hour": 116736,
                "price_per_month": 84050000,
                "subtype": "large",
                "throughput": 0,
                "type": "storage"
              },
              {
                "bandwidth_in_bytes": 0,
                "base_package": "",
                "cpu_count": 12,
                "cpu_share": "1/2",
                "disk": 150,
                "disk_in_bytes": 161061273600,
                "generation": "G1",
                "id": "g1-48-12-0",
                "iops_max_hdd": 1500,
                "iops_max_ssd": 16000,
                "memory": 48,
                "memory_in_bytes": 51539607552,
                "name": "g1-large2",
                "off": "",
                "off_percent": "",
                "outbound": 0,
                "pps": null,
                "price_per_hour": 72347,
                "price_per_month": 52090000,
                "subtype": "large",
                "throughput": 0,
                "type": "general"
              },
              {
                "bandwidth_in_bytes": 0,
                "base_package": "",
                "cpu_count": 16,
                "cpu_share": "1",
                "disk": 200,
                "disk_in_bytes": 214748364800,
                "generation": "G1",
                "id": "g1-64-16-0",
                "iops_max_hdd": 1500,
                "iops_max_ssd": 16000,
                "memory": 64,
                "memory_in_bytes": 68719476736,
                "name": "g1-xlarge1",
                "off": "",
                "off_percent": "",
                "outbound": 0,
                "pps": null,
                "price_per_hour": 96069,
                "price_per_month": 69170000,
                "subtype": "xlarge",
                "throughput": 0,
                "type": "general"
              },
              {
                "bandwidth_in_bytes": 0,
                "base_package": "",
                "cpu_count": 16,
                "cpu_share": "1",
                "disk": 128,
                "disk_in_bytes": 137438953472,
                "generation": "LS1",
                "id": "ls1-64-16-128",
                "iops_max_hdd": 1500,
                "iops_max_ssd": 20000,
                "memory": 64,
                "memory_in_bytes": 68719476736,
                "name": "ls1-xlarge1",
                "off": "",
                "off_percent": "",
                "outbound": 0,
                "pps": null,
                "price_per_hour": 93625,
                "price_per_month": 67410000,
                "subtype": "xlarge",
                "throughput": 0,
                "type": "storage"
              },
              {
                "bandwidth_in_bytes": 0,
                "base_package": "",
                "cpu_count": 16,
                "cpu_share": "1",
                "disk": 256,
                "disk_in_bytes": 274877906944,
                "generation": "LS1",
                "id": "ls1-64-16-256",
                "iops_max_hdd": 1500,
                "iops_max_ssd": 20000,
                "memory": 64,
                "memory_in_bytes": 68719476736,
                "name": "ls1-xlarge2",
                "off": "",
                "off_percent": "",
                "outbound": 0,
                "pps": null,
                "price_per_hour": 107847,
                "price_per_month": 77650000,
                "subtype": "xlarge",
                "throughput": 0,
                "type": "storage"
              },
              {
                "bandwidth_in_bytes": 0,
                "base_package": "",
                "cpu_count": 20,
                "cpu_share": "1",
                "disk": 300,
                "disk_in_bytes": 322122547200,
                "generation": "G1",
                "id": "g1-96-20-0",
                "iops_max_hdd": 1500,
                "iops_max_ssd": 16000,
                "memory": 96,
                "memory_in_bytes": 103079215104,
                "name": "g1-xlarge2",
                "off": "",
                "off_percent": "",
                "outbound": 0,
                "pps": null,
                "price_per_hour": 137958,
                "price_per_month": 99330000,
                "subtype": "xlarge",
                "throughput": 0,
                "type": "general"
              },
              {
                "bandwidth_in_bytes": 0,
                "base_package": "",
                "cpu_count": 16,
                "cpu_share": "1",
                "disk": 512,
                "disk_in_bytes": 549755813888,
                "generation": "LS1",
                "id": "ls1-64-16-512",
                "iops_max_hdd": 1500,
                "iops_max_ssd": 20000,
                "memory": 64,
                "memory_in_bytes": 68719476736,
                "name": "ls1-xlarge3",
                "off": "",
                "off_percent": "",
                "outbound": 0,
                "pps": null,
                "price_per_hour": 136292,
                "price_per_month": 98130000,
                "subtype": "xlarge",
                "throughput": 0,
                "type": "storage"
              },
              {
                "bandwidth_in_bytes": 0,
                "base_package": "",
                "cpu_count": 24,
                "cpu_share": "1",
                "disk": 300,
                "disk_in_bytes": 322122547200,
                "generation": "G1",
                "id": "g1-128-24-0",
                "iops_max_hdd": 1500,
                "iops_max_ssd": 16000,
                "memory": 128,
                "memory_in_bytes": 137438953472,
                "name": "g1-xlarge3",
                "off": "",
                "off_percent": "",
                "outbound": 0,
                "pps": null,
                "price_per_hour": 171514,
                "price_per_month": 123490000,
                "subtype": "xlarge",
                "throughput": 0,
                "type": "general"
              },
              {
                "bandwidth_in_bytes": 0,
                "base_package": "",
                "cpu_count": 20,
                "cpu_share": "1",
                "disk": 512,
                "disk_in_bytes": 549755813888,
                "generation": "LS1",
                "id": "ls1-96-20-512",
                "iops_max_hdd": 1500,
                "iops_max_ssd": 30000,
                "memory": 96,
                "memory_in_bytes": 103079215104,
                "name": "ls1-xlarge4",
                "off": "",
                "off_percent": "",
                "outbound": 0,
                "pps": null,
                "price_per_hour": 169847,
                "price_per_month": 122290000,
                "subtype": "xlarge",
                "throughput": 0,
                "type": "storage"
              },
              {
                "bandwidth_in_bytes": 0,
                "base_package": "",
                "cpu_count": 20,
                "cpu_share": "1",
                "disk": 1024,
                "disk_in_bytes": 1099511627776,
                "generation": "LS1",
                "id": "ls1-96-20-1024",
                "iops_max_hdd": 1500,
                "iops_max_ssd": 30000,
                "memory": 96,
                "memory_in_bytes": 103079215104,
                "name": "ls1-xlarge5",
                "off": "",
                "off_percent": "",
                "outbound": 0,
                "pps": null,
                "price_per_hour": 226736,
                "price_per_month": 163250000,
                "subtype": "xlarge",
                "throughput": 0,
                "type": "storage"
              },
              {
                "bandwidth_in_bytes": 0,
                "base_package": "",
                "cpu_count": 20,
                "cpu_share": "1",
                "disk": 2048,
                "disk_in_bytes": 2199023255552,
                "generation": "LS1",
                "id": "ls1-96-20-2048",
                "iops_max_hdd": 1500,
                "iops_max_ssd": 30000,
                "memory": 96,
                "memory_in_bytes": 103079215104,
                "name": "ls1-xlarge6",
                "off": "",
                "off_percent": "",
                "outbound": 0,
                "pps": null,
                "price_per_hour": 340514,
                "price_per_month": 245170000,
                "subtype": "xlarge",
                "throughput": 0,
                "type": "storage"
              },
              {
                "bandwidth_in_bytes": 0,
                "base_package": "",
                "cpu_count": 20,
                "cpu_share": "1",
                "disk": 4096,
                "disk_in_bytes": 4398046511104,
                "generation": "LS1",
                "id": "ls1-96-20-4096",
                "iops_max_hdd": 1500,
                "iops_max_ssd": 30000,
                "memory": 96,
                "memory_in_bytes": 103079215104,
                "name": "ls1-xlarge7",
                "off": "",
                "off_percent": "",
                "outbound": 0,
                "pps": null,
                "price_per_hour": 568069,
                "price_per_month": 409010000,
                "subtype": "xlarge",
                "throughput": 0,
                "type": "storage"
              },
              {
                "bandwidth_in_bytes": 0,
                "base_package": "",
                "cpu_count": 24,
                "cpu_share": "1",
                "disk": 512,
                "disk_in_bytes": 549755813888,
                "generation": "LS1",
                "id": "ls1-128-24-512",
                "iops_max_hdd": 1500,
                "iops_max_ssd": 50000,
                "memory": 128,
                "memory_in_bytes": 137438953472,
                "name": "ls1-xlarge8",
                "off": "",
                "off_percent": "",
                "outbound": 0,
                "pps": null,
                "price_per_hour": 203403,
                "price_per_month": 146450000,
                "subtype": "xlarge",
                "throughput": 0,
                "type": "storage"
              },
              {
                "bandwidth_in_bytes": 0,
                "base_package": "",
                "cpu_count": 24,
                "cpu_share": "1",
                "disk": 1024,
                "disk_in_bytes": 1099511627776,
                "generation": "LS1",
                "id": "ls1-128-24-1024",
                "iops_max_hdd": 1500,
                "iops_max_ssd": 50000,
                "memory": 128,
                "memory_in_bytes": 137438953472,
                "name": "ls1-xlarge9",
                "off": "",
                "off_percent": "",
                "outbound": 0,
                "pps": null,
                "price_per_hour": 260292,
                "price_per_month": 187410000,
                "subtype": "xlarge",
                "throughput": 0,
                "type": "storage"
              },
              {
                "bandwidth_in_bytes": 0,
                "base_package": "",
                "cpu_count": 24,
                "cpu_share": "1",
                "disk": 2048,
                "disk_in_bytes": 2199023255552,
                "generation": "LS1",
                "id": "ls1-128-24-2048",
                "iops_max_hdd": 1500,
                "iops_max_ssd": 50000,
                "memory": 128,
                "memory_in_bytes": 137438953472,
                "name": "ls1-xlarge10",
                "off": "",
                "off_percent": "",
                "outbound": 0,
                "pps": null,
                "price_per_hour": 374069,
                "price_per_month": 269330000,
                "subtype": "xlarge",
                "throughput": 0,
                "type": "storage"
              }
            ],
            "region": "ir-thr-fr1"
          },
          "sensitive_attributes": []
        }
      ]
    },
    {
      "mode": "data",
      "type": "arvan_ssh_keys",
      "name": "keys",
      "provider": "provider[\"terraform.arvancloud.ir/arvancloud/iaas\"]",
      "instances": [
        {
          "schema_version": 0,
          "attributes": {
            "keys": [
              {
                "name": "home pc",
                "public_key": "ssh-rsa AAAAB3NzaC1yc2EAAAADAQABAAACAQDGOiRK1/UjniPV6cf/kIsLjQeyZmaEg1Icl6IBPCD9UTI9g2ZMdQdFHQZduQnu9ovmejDxlJczCK4xkZ2iX15tl3DhuJ9l+MRcnuf0o7QYMkT/3uUMm+Xa78xZ+69rsrHT4+nqXd4q3ZuILwTo5GX2q+mvCT/E+kq0O0VuQ3q+lXx1HCBiOLnAocYyEAKe+Nx/WpRsggfRPISaMuBxAtmXtNHstaM0aSdrNL+TB+PELlLyGG4w7DjO4VcpfYOyvVu8oziAOnlymR32FWQlpCXpizIhvk8+ZpD2jqG4alaYIytEMxREOSKaji7uW17a2ghsI6HiPaD5y57e3D1YxupWMGuPg1gSRp5M6wq6BTc98SmJvEFcrWBrU7Xr+qr8FBj0Om9cVjDFvD3op5W3cop8ad8s17dbPP8ipnsAgGZdEj96bFkyh69rtSrZu4D+Ixyv+lCaGZzguTe1K8ur9Ogx/KsklAxDGiJCumz1CFUieve4KbvWXMQhYf6TyPcFINJoG43uANHbaaac7ocbB3Wx3R807lfgNBCmjiil6HEuotMV2nrRTVyj2TwN10OuRZ6i3Ic6UloD0n3eg2YZRPD6xiNxZF9/PaOWVeMbBzCZDgFgqWX37PjM7h2M11QoPx41wdb6KybF1AOGc+DhAQ9g7hwGKMYWn7Ec6IgZCdzsMw== Behnam Ubuntu PC"
              },
              {
                "name": "laptop",
                "public_key": "ssh-rsa AAAAB3NzaC1yc2EAAAADAQABAAABgQDf5dveMJvYF1t1TrRY67rts9naJrUpirby7wEZCfw3l8npjDr10E479f7uviTjcuV/AJKke3dxUSnkEE9OYvFTxq7vZ27at/df83lVdmMaWlQ9zZGXwTGvel5aTIpbC1LJn8NjQJrI5qjZtKq2uP4Y25dcwkhF4dtCI3MwH7G0uQg1yK37+KcGDVQ/ByxnzWvF3oiYM37LL3lCFpFaNSCHpUv2Hmxlm+7RvLj4LweHFw1uAKfM0OBFL466RC584b9ppxfnzxnxc9D506jzT6+thioKueCPyEbAkDmVJl0BFm3vTLaUJFIqFeLNRmNbh/EYJwU5T9PjDeOyqsqsHnTAHKHaV3d6croUaNJeXZlZ8bUXvyMMYsrm/8SGoMt2jB4EyaaGT0+q0Y0QNJN2XBt8+12WKbF8Mf1o+a5g544GQNIWRty74Ly3nqfFs5BftxR9D2DNBaDpsoOYR8Jl6b3Ee5wTWI/HcfMQhIn7pKmNGfxjyZq2QuTzJbDcVKmwEqU= behnam@laptop"
              }
            ],
            "region": "ir-thr-fr1"
          },
          "sensitive_attributes": []
        }
      ]
    },
    {
      "mode": "managed",
      "type": "arvan_abrak",
      "name": "built_by_terraform",
      "provider": "provider[\"terraform.arvancloud.ir/arvancloud/iaas\"]",
      "instances": [
        {
          "index_key": 0,
          "schema_version": 0,
          "attributes": {
            "disk_size": 25,
            "flavor_id": "eco-1-1-0",
            "floating_ip": null,
            "id": "f5824b1c-b256-401f-81f6-a1b36f7050d8",
            "image_id": "7f5add4f-fe20-4f41-a41c-addc42c42326",
            "init_script": null,
            "name": "built_by_terraform",
            "networks": [
              {
                "ip": "10.255.255.117",
                "is_public": false,
                "network_id": "dcbbf49b-daa5-4d3f-8c40-db714ccc4ba1",
                "port_id": "5d110af6-f55a-4987-a59b-7df48cc1c9d9",
                "port_security_enabled": true,
                "subnet_id": "ffe940b5-b3ab-4aec-948a-10a22ed37b50"
              },
              {
                "ip": "193.176.242.76",
                "is_public": true,
                "network_id": "890becd6-ed80-4a94-86ea-e81afe42116e",
                "port_id": "5b6037ef-c0ea-4c7c-9a93-6a3cb83ce73a",
                "port_security_enabled": true,
                "subnet_id": "c2392696-be95-4552-8830-b8bd1445ecf0"
              }
            ],
            "password": "",
            "region": "ir-thr-fr1",
            "revert_to": null,
            "security_groups": [
              "7c187eb1-72f9-4e03-9985-8db4db705c0c"
            ],
            "server_group_id": null,
            "ssh_key_name": "laptop",
            "status": "ACTIVE",
            "timeouts": {
              "create": "1h30m",
              "delete": "20m",
              "read": "10m",
              "update": "2h"
            },
            "volumes": [
              "a552f99f-8747-4af4-9a6e-63c34cba115d"
            ]
          },
          "sensitive_attributes": [],
          "dependencies": [
            "arvan_network.terraform_private_network",
            "arvan_security_group.terraform_security_group",
            "arvan_volume.terraform_volume",
            "data.arvan_images.terraform_image",
            "data.arvan_networks.terraform_network",
            "data.arvan_plans.plan_list"
          ]
        }
      ]
    },
    {
      "mode": "managed",
      "type": "arvan_network",
      "name": "terraform_private_network",
      "provider": "provider[\"terraform.arvancloud.ir/arvancloud/iaas\"]",
      "instances": [
        {
          "schema_version": 0,
          "attributes": {
            "cidr": "10.255.255.0/24",
            "description": "Terraform-created private network",
            "dhcp_range": {
              "end": "10.255.255.150",
              "start": "10.255.255.19"
            },
            "dns_servers": [
              "8.8.8.8",
              "1.1.1.1"
            ],
            "enable_dhcp": true,
            "enable_gateway": true,
            "gateway_ip": "10.255.255.1",
            "id": "ffe940b5-b3ab-4aec-948a-10a22ed37b50",
            "name": "tf_private_network",
            "network_id": "dcbbf49b-daa5-4d3f-8c40-db714ccc4ba1",
            "region": "ir-thr-fr1"
          },
          "sensitive_attributes": []
        }
      ]
    },
    {
      "mode": "managed",
      "type": "arvan_security_group",
      "name": "terraform_security_group",
      "provider": "provider[\"terraform.arvancloud.ir/arvancloud/iaas\"]",
      "instances": [
        {
          "schema_version": 0,
          "attributes": {
            "default": false,
            "description": "Terraform-created security group",
            "id": "7c187eb1-72f9-4e03-9985-8db4db705c0c",
            "name": "tf_security_group",
            "region": "ir-thr-fr1",
            "rules": [
              {
                "description": null,
                "direction": "egress",
                "ether_type": "IPv4",
                "group_id": "7c187eb1-72f9-4e03-9985-8db4db705c0c",
                "id": "71ba8fad-ae0f-4fec-af44-3f80e4bbb6f5",
                "ip": null,
                "port_from": null,
                "port_to": null,
                "protocol": ""
              },
              {
                "description": null,
                "direction": "ingress",
                "ether_type": "IPv4",
                "group_id": "7c187eb1-72f9-4e03-9985-8db4db705c0c",
                "id": "b77e746e-24ee-4f61-ac85-296e2fb3fce3",
                "ip": null,
                "port_from": null,
                "port_to": null,
                "protocol": "udp"
              },
              {
                "description": null,
                "direction": "ingress",
                "ether_type": "IPv4",
                "group_id": "7c187eb1-72f9-4e03-9985-8db4db705c0c",
                "id": "ec356ae4-f11c-498a-963d-d6e0bee7b186",
                "ip": null,
                "port_from": null,
                "port_to": null,
                "protocol": "tcp"
              },
              {
                "description": null,
                "direction": "ingress",
                "ether_type": "IPv4",
                "group_id": "7c187eb1-72f9-4e03-9985-8db4db705c0c",
                "id": "fcb8dafe-8a51-4da4-b2c9-759788842897",
                "ip": null,
                "port_from": null,
                "port_to": null,
                "protocol": "icmp"
              }
            ]
          },
          "sensitive_attributes": []
        }
      ]
    },
    {
      "mode": "managed",
      "type": "arvan_volume",
      "name": "terraform_volume",
      "provider": "provider[\"terraform.arvancloud.ir/arvancloud/iaas\"]",
      "instances": [
        {
          "schema_version": 0,
          "attributes": {
            "attachments": [],
            "description": "Example volume created by Terraform",
            "id": "a552f99f-8747-4af4-9a6e-63c34cba115d",
            "name": "tf_volume",
            "region": "ir-thr-fr1",
            "size": 9
          },
          "sensitive_attributes": []
        }
      ]
    }
  ],
  "check_results": null
}
